# THIS IS AN AUTOGENERATED FILE. DO NOT EDIT THIS FILE DIRECTLY.
# yarn lockfile v1


assert@:
  version "1.4.1"
  resolved "https://registry.yarnpkg.com/assert/-/assert-1.4.1.tgz#99912d591836b5a6f5b345c0f07eefc08fc65d91"
  dependencies:
    util "0.10.3"

assertion-error@^1.0.1:
  version "1.1.0"
  resolved "https://registry.yarnpkg.com/assertion-error/-/assertion-error-1.1.0.tgz#e60b6b0e8f301bd97e5375215bda406c85118c0b"

asyncjs@0.0.10:
  version "0.0.10"
  resolved "https://registry.yarnpkg.com/asyncjs/-/asyncjs-0.0.10.tgz#50dbbfefb8b2df2ffa9c9e9e8bd58887bc3c1518"

balanced-match@^1.0.0:
  version "1.0.0"
  resolved "https://registry.yarnpkg.com/balanced-match/-/balanced-match-1.0.0.tgz#89b4d199ab2bee49de164ea02b89ce462d71b767"

brace-expansion@^1.1.7:
  version "1.1.8"
  resolved "https://registry.yarnpkg.com/brace-expansion/-/brace-expansion-1.1.8.tgz#c07b211c7c952ec1f8efd51a77ef0d1d3990a292"
  dependencies:
    balanced-match "^1.0.0"
    concat-map "0.0.1"

browser-stdout@1.3.0:
  version "1.3.0"
  resolved "https://registry.yarnpkg.com/browser-stdout/-/browser-stdout-1.3.0.tgz#f351d32969d32fa5d7a5567154263d928ae3bd1f"

bson@~0.4.21:
  version "0.4.23"
  resolved "https://registry.yarnpkg.com/bson/-/bson-0.4.23.tgz#e65a2e3c7507ffade4109bc7575a76e50f8da915"

buffer-writer@1.0.0:
  version "1.0.0"
  resolved "https://registry.yarnpkg.com/buffer-writer/-/buffer-writer-1.0.0.tgz#6c29c3b2dea0c9e455a1f261a199a48a04f88b08"

chai@latest:
  version "4.1.2"
  resolved "https://registry.yarnpkg.com/chai/-/chai-4.1.2.tgz#0f64584ba642f0f2ace2806279f4f06ca23ad73c"
  dependencies:
    assertion-error "^1.0.1"
    check-error "^1.0.1"
    deep-eql "^3.0.0"
    get-func-name "^2.0.0"
    pathval "^1.0.0"
    type-detect "^4.0.0"

check-error@^1.0.1:
  version "1.0.2"
  resolved "https://registry.yarnpkg.com/check-error/-/check-error-1.0.2.tgz#574d312edd88bb5dd8912e9286dd6c0aed4aac82"

commander@2.11.0:
  version "2.11.0"
  resolved "https://registry.yarnpkg.com/commander/-/commander-2.11.0.tgz#157152fd1e7a6c8d98a5b715cf376df928004563"

concat-map@0.0.1:
  version "0.0.1"
  resolved "https://registry.yarnpkg.com/concat-map/-/concat-map-0.0.1.tgz#d8a96bd77fd68df7793a73036a3ba0d5405d477b"

core-util-is@~1.0.0:
  version "1.0.2"
  resolved "https://registry.yarnpkg.com/core-util-is/-/core-util-is-1.0.2.tgz#b5fd54220aa2bc5ab57aab7140c940754503c1a7"

dbox@0.6.4:
  version "0.6.4"
  resolved "https://registry.yarnpkg.com/dbox/-/dbox-0.6.4.tgz#556c4cfd002f30d492893284186bc9711b5a92ad"
  dependencies:
    request "2.9.153"

debug@3.1.0, debug@^3.1.0:
  version "3.1.0"
  resolved "https://registry.yarnpkg.com/debug/-/debug-3.1.0.tgz#5bb5a0672628b64149566ba16819e61518c67261"
  dependencies:
    ms "2.0.0"

deep-eql@^3.0.0:
  version "3.0.1"
  resolved "https://registry.yarnpkg.com/deep-eql/-/deep-eql-3.0.1.tgz#dfc9404400ad1c8fe023e7da1df1c147c4b444df"
  dependencies:
    type-detect "^4.0.0"

diff@3.3.1:
  version "3.3.1"
  resolved "https://registry.yarnpkg.com/diff/-/diff-3.3.1.tgz#aa8567a6eed03c531fc89d3f711cd0e5259dec75"

double-ended-queue@^2.1.0-0:
  version "2.1.0-0"
  resolved "https://registry.yarnpkg.com/double-ended-queue/-/double-ended-queue-2.1.0-0.tgz#103d3527fd31528f40188130c841efdd78264e5c"

duplexer@~0.1.1:
  version "0.1.1"
  resolved "https://registry.yarnpkg.com/duplexer/-/duplexer-0.1.1.tgz#ace6ff808c1ce66b57d1ebf97977acb02334cfc1"

es6-promise@3.0.2:
  version "3.0.2"
  resolved "https://registry.yarnpkg.com/es6-promise/-/es6-promise-3.0.2.tgz#010d5858423a5f118979665f46486a95c6ee2bb6"

escape-string-regexp@1.0.5:
  version "1.0.5"
  resolved "https://registry.yarnpkg.com/escape-string-regexp/-/escape-string-regexp-1.0.5.tgz#1b61c0562190a8dff6ae3bb2cf0200ca130b86d4"

formidable@1.0.17:
  version "1.0.17"
  resolved "https://registry.yarnpkg.com/formidable/-/formidable-1.0.17.tgz#ef5491490f9433b705faa77249c99029ae348559"

fs-extra@^2.1.2:
  version "2.1.2"
  resolved "https://registry.yarnpkg.com/fs-extra/-/fs-extra-2.1.2.tgz#046c70163cef9aad46b0e4a7fa467fb22d71de35"
  dependencies:
    graceful-fs "^4.1.2"
    jsonfile "^2.1.0"

fs.realpath@^1.0.0:
  version "1.0.0"
  resolved "https://registry.yarnpkg.com/fs.realpath/-/fs.realpath-1.0.0.tgz#1504ad2523158caa40db4a2787cb01411994ea4f"

ftp-response-parser@^1.0.1:
  version "1.0.1"
  resolved "https://registry.yarnpkg.com/ftp-response-parser/-/ftp-response-parser-1.0.1.tgz#3b9d33f8edd5fb8e4700b8f778c462e5b1581f89"
  dependencies:
    readable-stream "^1.0.31"

generic-pool@2.1.1:
  version "2.1.1"
  resolved "https://registry.yarnpkg.com/generic-pool/-/generic-pool-2.1.1.tgz#af04dc2c325cfcb975023fa52bfce9617a7435fd"

get-func-name@^2.0.0:
  version "2.0.0"
  resolved "https://registry.yarnpkg.com/get-func-name/-/get-func-name-2.0.0.tgz#ead774abee72e20409433a066366023dd6887a41"

glob@7.1.2:
  version "7.1.2"
  resolved "https://registry.yarnpkg.com/glob/-/glob-7.1.2.tgz#c19c9df9a028702d678612384a6552404c636d15"
  dependencies:
    fs.realpath "^1.0.0"
    inflight "^1.0.4"
    inherits "2"
    minimatch "^3.0.4"
    once "^1.3.0"
    path-is-absolute "^1.0.0"

gnu-tools@0.0.9:
  version "0.0.9"
  resolved "https://registry.yarnpkg.com/gnu-tools/-/gnu-tools-0.0.9.tgz#dff6238a26aebc394ffc061359edfeab0bdc9911"

graceful-fs@^4.1.2, graceful-fs@^4.1.6:
  version "4.1.11"
  resolved "https://registry.yarnpkg.com/graceful-fs/-/graceful-fs-4.1.11.tgz#0e8bdfe4d1ddb8854d64e04ea7c00e2a026e5658"

growl@1.10.3:
  version "1.10.3"
  resolved "https://registry.yarnpkg.com/growl/-/growl-1.10.3.tgz#1926ba90cf3edfe2adb4927f5880bc22c66c790f"

has-flag@^2.0.0:
  version "2.0.0"
  resolved "https://registry.yarnpkg.com/has-flag/-/has-flag-2.0.0.tgz#e8207af1cc7b30d446cc70b734b5e8be18f88d51"

he@1.1.1:
  version "1.1.1"
  resolved "https://registry.yarnpkg.com/he/-/he-1.1.1.tgz#93410fd21b009735151f8868c2f271f3427e23fd"

inflight@^1.0.4:
  version "1.0.6"
  resolved "https://registry.yarnpkg.com/inflight/-/inflight-1.0.6.tgz#49bd6331d7d02d0c09bc910a1075ba8165b56df9"
  dependencies:
    once "^1.3.0"
    wrappy "1"

inherits@2, inherits@~2.0.1:
  version "2.0.3"
  resolved "https://registry.yarnpkg.com/inherits/-/inherits-2.0.3.tgz#633c2c83e3da42a502f52466022480f4208261de"

inherits@2.0.1:
  version "2.0.1"
  resolved "https://registry.yarnpkg.com/inherits/-/inherits-2.0.1.tgz#b17d08d326b4423e568eff719f91b0b1cbdf69f1"

isarray@0.0.1:
  version "0.0.1"
  resolved "https://registry.yarnpkg.com/isarray/-/isarray-0.0.1.tgz#8a18acfca9a8f4177e09abfc6038939b05d1eedf"

jsftp@2.1.3:
  version "2.1.3"
  resolved "https://registry.yarnpkg.com/jsftp/-/jsftp-2.1.3.tgz#3a0936b58d170441a0e74f27d34b53dda8dea9c1"
  dependencies:
    debug "^3.1.0"
    ftp-response-parser "^1.0.1"
    once "^1.4.0"
    parse-listing "^1.1.3"
    stream-combiner "^0.2.2"
    unorm "^1.4.1"

jsonfile@^2.1.0:
  version "2.4.0"
  resolved "https://registry.yarnpkg.com/jsonfile/-/jsonfile-2.4.0.tgz#3736a2b428b87bbda0cc83b53fa3d633a35c2ae8"
  optionalDependencies:
    graceful-fs "^4.1.6"

minimatch@^3.0.4:
  version "3.0.4"
  resolved "https://registry.yarnpkg.com/minimatch/-/minimatch-3.0.4.tgz#5166e286457f03306064be5497e8dbb0c3d32083"
  dependencies:
    brace-expansion "^1.1.7"

minimist@0.0.8:
  version "0.0.8"
  resolved "https://registry.yarnpkg.com/minimist/-/minimist-0.0.8.tgz#857fcabfc3397d2625b8228262e86aa7a011b05d"

mkdirp@0.5.1:
  version "0.5.1"
  resolved "https://registry.yarnpkg.com/mkdirp/-/mkdirp-0.5.1.tgz#30057438eac6cf7f8c4767f38648d6697d75c903"
  dependencies:
    minimist "0.0.8"

mocha@:
  version "5.0.0"
  resolved "https://registry.yarnpkg.com/mocha/-/mocha-5.0.0.tgz#cccac988b0bc5477119cba0e43de7af6d6ad8f4e"
  dependencies:
    browser-stdout "1.3.0"
    commander "2.11.0"
    debug "3.1.0"
    diff "3.3.1"
    escape-string-regexp "1.0.5"
    glob "7.1.2"
    growl "1.10.3"
    he "1.1.1"
    mkdirp "0.5.1"
    supports-color "4.4.0"

moment@2.11.1:
  version "2.11.1"
  resolved "https://registry.yarnpkg.com/moment/-/moment-2.11.1.tgz#bf4026413640d1b802467cf353607f8464d6af47"

mongodb-core@1.2.32:
  version "1.2.32"
  resolved "https://registry.yarnpkg.com/mongodb-core/-/mongodb-core-1.2.32.tgz#ed6e5422fecae10c0e79710b105121b9a92ec3d4"
  dependencies:
    bson "~0.4.21"

mongodb@2.1.4:
  version "2.1.4"
  resolved "https://registry.yarnpkg.com/mongodb/-/mongodb-2.1.4.tgz#652d8720ff7f5bc562c473ccb0c90d789379a4a3"
  dependencies:
    es6-promise "3.0.2"
    mongodb-core "1.2.32"
    readable-stream "1.0.31"

ms@2.0.0:
  version "2.0.0"
  resolved "https://registry.yarnpkg.com/ms/-/ms-2.0.0.tgz#5608aeadfc00be6c2901df5f9861788de0d597c8"

node-sftp@0.1.1:
  version "0.1.1"
  resolved "https://registry.yarnpkg.com/node-sftp/-/node-sftp-0.1.1.tgz#ebca3a8fd1b1cf09e46c06b54cb22d2d2f946d45"

once@^1.3.0, once@^1.4.0:
  version "1.4.0"
  resolved "https://registry.yarnpkg.com/once/-/once-1.4.0.tgz#583b1aa775961d4b113ac17d9c50baef9dd76bd1"
  dependencies:
    wrappy "1"

packet-reader@0.2.0:
  version "0.2.0"
  resolved "https://registry.yarnpkg.com/packet-reader/-/packet-reader-0.2.0.tgz#819df4d010b82d5ea5671f8a1a3acf039bcd7700"

parse-listing@^1.1.3:
  version "1.1.3"
  resolved "https://registry.yarnpkg.com/parse-listing/-/parse-listing-1.1.3.tgz#aa546f57fdc129cfbf9945cd4b757b14b06182dd"

path-is-absolute@^1.0.0:
  version "1.0.1"
  resolved "https://registry.yarnpkg.com/path-is-absolute/-/path-is-absolute-1.0.1.tgz#174b9268735534ffbc7ace6bf53a5a9e1b5c5f5f"

pathval@^1.0.0:
  version "1.1.0"
  resolved "https://registry.yarnpkg.com/pathval/-/pathval-1.1.0.tgz#b942e6d4bde653005ef6b71361def8727d0645e0"

pg-connection-string@0.1.3:
  version "0.1.3"
  resolved "https://registry.yarnpkg.com/pg-connection-string/-/pg-connection-string-0.1.3.tgz#da1847b20940e42ee1492beaf65d49d91b245df7"

pg-int8@1.0.1:
  version "1.0.1"
  resolved "https://registry.yarnpkg.com/pg-int8/-/pg-int8-1.0.1.tgz#943bd463bf5b71b4170115f80f8efc9a0c0eb78c"

pg-types@1.*:
  version "1.13.0"
  resolved "https://registry.yarnpkg.com/pg-types/-/pg-types-1.13.0.tgz#75f490b8a8abf75f1386ef5ec4455ecf6b345c63"
  dependencies:
    pg-int8 "1.0.1"
    postgres-array "~1.0.0"
    postgres-bytea "~1.0.0"
    postgres-date "~1.0.0"
    postgres-interval "^1.1.0"

pg@4.4.3:
  version "4.4.3"
  resolved "https://registry.yarnpkg.com/pg/-/pg-4.4.3.tgz#bec855c4e9615b20eec6a32d06f074089d5fb152"
  dependencies:
    buffer-writer "1.0.0"
    generic-pool "2.1.1"
    packet-reader "0.2.0"
    pg-connection-string "0.1.3"
    pg-types "1.*"
    pgpass "0.0.3"
    semver "^4.1.0"

pgpass@0.0.3:
  version "0.0.3"
  resolved "https://registry.yarnpkg.com/pgpass/-/pgpass-0.0.3.tgz#12e67e343b3189c2f31206ebc9cc0befffcf9140"
  dependencies:
    split "~0.3"

postgres-array@~1.0.0:
  version "1.0.2"
  resolved "https://registry.yarnpkg.com/postgres-array/-/postgres-array-1.0.2.tgz#8e0b32eb03bf77a5c0a7851e0441c169a256a238"

postgres-bytea@~1.0.0:
  version "1.0.0"
  resolved "https://registry.yarnpkg.com/postgres-bytea/-/postgres-bytea-1.0.0.tgz#027b533c0aa890e26d172d47cf9ccecc521acd35"

postgres-date@~1.0.0:
  version "1.0.3"
  resolved "https://registry.yarnpkg.com/postgres-date/-/postgres-date-1.0.3.tgz#e2d89702efdb258ff9d9cee0fe91bd06975257a8"

postgres-interval@^1.1.0:
  version "1.1.1"
  resolved "https://registry.yarnpkg.com/postgres-interval/-/postgres-interval-1.1.1.tgz#acdb0f897b4b1c6e496d9d4e0a853e1c428f06f0"
  dependencies:
    xtend "^4.0.0"

readable-stream@1.0.31:
  version "1.0.31"
  resolved "https://registry.yarnpkg.com/readable-stream/-/readable-stream-1.0.31.tgz#8f2502e0bc9e3b0da1b94520aabb4e2603ecafae"
  dependencies:
    core-util-is "~1.0.0"
    inherits "~2.0.1"
    isarray "0.0.1"
    string_decoder "~0.10.x"

readable-stream@^1.0.31:
  version "1.1.14"
  resolved "https://registry.yarnpkg.com/readable-stream/-/readable-stream-1.1.14.tgz#7cf4c54ef648e3813084c636dd2079e166c081d9"
  dependencies:
    core-util-is "~1.0.0"
    inherits "~2.0.1"
    isarray "0.0.1"
    string_decoder "~0.10.x"

redis-commands@^1.0.1:
  version "1.3.1"
  resolved "https://registry.yarnpkg.com/redis-commands/-/redis-commands-1.3.1.tgz#81d826f45fa9c8b2011f4cd7a0fe597d241d442b"

redis@2.4.2:
  version "2.4.2"
  resolved "https://registry.yarnpkg.com/redis/-/redis-2.4.2.tgz#2f9160255a26a6cad2b79bf0847e067280a146ea"
  dependencies:
    double-ended-queue "^2.1.0-0"
    redis-commands "^1.0.1"

request@2.9.153:
  version "2.9.153"
  resolved "https://registry.yarnpkg.com/request/-/request-2.9.153.tgz#a93c4f7a02d733b56882a166c1e68a9688e75742"

semver@^4.1.0:
  version "4.3.6"
  resolved "https://registry.yarnpkg.com/semver/-/semver-4.3.6.tgz#300bc6e0e86374f7ba61068b5b1ecd57fc6532da"

split@~0.3:
  version "0.3.3"
  resolved "https://registry.yarnpkg.com/split/-/split-0.3.3.tgz#cd0eea5e63a211dfff7eb0f091c4133e2d0dd28f"
  dependencies:
    through "2"

stream-combiner@^0.2.2:
  version "0.2.2"
  resolved "https://registry.yarnpkg.com/stream-combiner/-/stream-combiner-0.2.2.tgz#aec8cbac177b56b6f4fa479ced8c1912cee52858"
  dependencies:
    duplexer "~0.1.1"
    through "~2.3.4"

string_decoder@~0.10.x:
  version "0.10.31"
  resolved "https://registry.yarnpkg.com/string_decoder/-/string_decoder-0.10.31.tgz#62e203bc41766c6c28c9fc84301dab1c5310fa94"

supports-color@4.4.0:
  version "4.4.0"
  resolved "https://registry.yarnpkg.com/supports-color/-/supports-color-4.4.0.tgz#883f7ddabc165142b2a61427f3352ded195d1a3e"
  dependencies:
    has-flag "^2.0.0"

through@2, through@~2.3.4:
  version "2.3.8"
  resolved "https://registry.yarnpkg.com/through/-/through-2.3.8.tgz#0dd4c9ffaabc357960b1b724115d7e0e86a2e1f5"

type-detect@^4.0.0:
  version "4.0.7"
  resolved "https://registry.yarnpkg.com/type-detect/-/type-detect-4.0.7.tgz#862bd2cf6058ad92799ff5a5b8cf7b6cec726198"

unorm@^1.4.1:
  version "1.4.1"
  resolved "https://registry.yarnpkg.com/unorm/-/unorm-1.4.1.tgz#364200d5f13646ca8bcd44490271335614792300"

util@0.10.3:
  version "0.10.3"
  resolved "https://registry.yarnpkg.com/util/-/util-0.10.3.tgz#7afb1afe50805246489e3db7fe0ed379336ac0f9"
  dependencies:
    inherits "2.0.1"

wrappy@1:
  version "1.0.2"
  resolved "https://registry.yarnpkg.com/wrappy/-/wrappy-1.0.2.tgz#b5243d8f3ec1aa35f1364605bc0d1036e30ab69f"

xmldom@0.1.21:
  version "0.1.21"
  resolved "https://registry.yarnpkg.com/xmldom/-/xmldom-0.1.21.tgz#a29e1210dab1f10c25665b5e80129baa8d69a97b"

xpath@0.0.21:
  version "0.0.21"
  resolved "https://registry.yarnpkg.com/xpath/-/xpath-0.0.21.tgz#470291597cbbd33c7c198e0fab2a643c31d4a8e9"

xtend@^4.0.0:
  version "4.0.1"
  resolved "https://registry.yarnpkg.com/xtend/-/xtend-4.0.1.tgz#a5c6d532be656e23db820efb943a1f04998d63af"
